
Microsoft Visual Studio Solution File, Format Version 12.00
# Visual Studio 14
VisualStudioVersion = 14.0.22823.1
MinimumVisualStudioVersion = 10.0.40219.1
Project("{8BC9CEB8-8B4A-11D0-8D11-00A0C91BC942}") = "1일차_01_thiscall", "1일차\1일차.vcxproj", "{C8C8CF90-680B-40E3-9844-3CB301FC9080}"
EndProject
Project("{8BC9CEB8-8B4A-11D0-8D11-00A0C91BC942}") = "1일차_02_상수함수", "1일차_상수함수\1일차_상수함수.vcxproj", "{CA3EEC4E-5BDF-4E25-8A39-EB7B129D73AB}"
EndProject
Project("{8BC9CEB8-8B4A-11D0-8D11-00A0C91BC942}") = "1일차_03_상수", "1일차_상수\1일차_상수.vcxproj", "{7E89E08E-5157-47FB-9CFC-93247108A5EF}"
EndProject
Project("{8BC9CEB8-8B4A-11D0-8D11-00A0C91BC942}") = "1일차_04_auto", "1일차_04_auto\1일차_04_auto.vcxproj", "{F6B65C5A-95B3-4324-8A97-D0E4E06D4177}"
EndProject
Project("{8BC9CEB8-8B4A-11D0-8D11-00A0C91BC942}") = "1일차_05_lamda", "1일차_05_lamda\1일차_05_lamda.vcxproj", "{18B3A5C0-C7A2-423D-AB8B-7C5A65462ED9}"
EndProject
Project("{8BC9CEB8-8B4A-11D0-8D11-00A0C91BC942}") = "1일차_06_new", "1일차_06_new\1일차_06_new.vcxproj", "{70085FCA-18E2-4A09-A4D6-D44B8E3F86F4}"
EndProject
Project("{8BC9CEB8-8B4A-11D0-8D11-00A0C91BC942}") = "2일차_01_template_basic", "2일차_01_template_basic\2일차_01_template_basic.vcxproj", "{7A19F3FC-F82E-44C9-A391-08A0DB0835F6}"
EndProject
Project("{8BC9CEB8-8B4A-11D0-8D11-00A0C91BC942}") = "2일차_02_Decay", "2일차_02_Decay\2일차_02_Decay.vcxproj", "{4330A219-7965-4DCC-B716-3C7ADEA99B24}"
EndProject
Project("{8BC9CEB8-8B4A-11D0-8D11-00A0C91BC942}") = "2일차_03_class_template", "2일차_03_class_template\2일차_03_class_template.vcxproj", "{6F3BB924-BA39-485F-9C58-58388D3CA951}"
EndProject
Project("{8BC9CEB8-8B4A-11D0-8D11-00A0C91BC942}") = "2일차_04_member_func_template", "2일차_04_member_func_template\2일차_04_member_func_template.vcxproj", "{F6C1307D-B37D-4AB4-B99A-9A93B22CF337}"
EndProject
Project("{8BC9CEB8-8B4A-11D0-8D11-00A0C91BC942}") = "2일차_05_typename", "2일차_05_typename\2일차_05_typename.vcxproj", "{95F1E1E2-DE9D-4EF8-B8B9-67719F5D6C12}"
EndProject
Project("{8BC9CEB8-8B4A-11D0-8D11-00A0C91BC942}") = "2일차_06_value_type", "2일차_06_value_type\2일차_06_value_type.vcxproj", "{C54A64B6-E64A-4C2E-AD33-ACF8983583DF}"
EndProject
Project("{8BC9CEB8-8B4A-11D0-8D11-00A0C91BC942}") = "2일차_07_template_specialization", "2일차_07_template_sub\2일차_07_template_sub.vcxproj", "{E417F2FE-9667-4167-9AFD-087F2CC570EF}"
EndProject
Project("{8BC9CEB8-8B4A-11D0-8D11-00A0C91BC942}") = "2일차_08_traits", "2일차_08_traits\2일차_08_traits.vcxproj", "{ED409DB8-3D2C-4A01-9C91-0037B2C09283}"
EndProject
Project("{8BC9CEB8-8B4A-11D0-8D11-00A0C91BC942}") = "2일차_09_trivial", "2일차_09_trivial\2일차_09_trivial.vcxproj", "{8AEA1C39-A36F-4899-83F2-9CCFC790CB53}"
EndProject
Project("{8BC9CEB8-8B4A-11D0-8D11-00A0C91BC942}") = "2일차_10_template_param", "2일차_10_template_param\2일차_10_template_param.vcxproj", "{DA9DABBD-F7CE-4FD1-AAC4-950A0CE44BA5}"
EndProject
Project("{8BC9CEB8-8B4A-11D0-8D11-00A0C91BC942}") = "2일차_11_variadic_template", "2일차_11_variadic_template\2일차_11_variadic_template.vcxproj", "{8C23C585-AD2C-41EA-89F9-0EC2C82A3E24}"
EndProject
Project("{8BC9CEB8-8B4A-11D0-8D11-00A0C91BC942}") = "3일차_01_variadic_template", "3일차_01_variadic_template\3일차_01_variadic_template.vcxproj", "{0C1A7EC2-ECDE-49C2-B250-FACC145E5359}"
EndProject
Project("{8BC9CEB8-8B4A-11D0-8D11-00A0C91BC942}") = "3일차_02_thinTemplate", "3일차_02_thinTemplate\3일차_02_thinTemplate.vcxproj", "{C3D3749D-D58C-4D69-A395-E8A39EB12A54}"
EndProject
Project("{8BC9CEB8-8B4A-11D0-8D11-00A0C91BC942}") = "3일차_03_policy_based_design", "3일차_03_policy_based_design\3일차_03_policy_based_design.vcxproj", "{4BC3BD51-3FA8-41FA-B164-34FD414048E2}"
EndProject
Project("{8BC9CEB8-8B4A-11D0-8D11-00A0C91BC942}") = "3일차_04_CRTP", "3일차_04_CRTP\3일차_04_CRTP.vcxproj", "{A0F38008-8E87-4A35-996F-71BC5D1A88BD}"
EndProject
Project("{8BC9CEB8-8B4A-11D0-8D11-00A0C91BC942}") = "3일차_05_casting", "3일차_05_casting\3일차_05_casting.vcxproj", "{31871539-F82C-4A4B-901E-7CEA99DA17A9}"
EndProject
Project("{8BC9CEB8-8B4A-11D0-8D11-00A0C91BC942}") = "3일차_06_temp_object", "3일차_06_temp_object\3일차_06_temp_object.vcxproj", "{6AD30668-B3F3-431C-9B97-74604078A66C}"
EndProject
Project("{8BC9CEB8-8B4A-11D0-8D11-00A0C91BC942}") = "3일차_07_rvalue", "3일차_07_rvalue\3일차_07_rvalue.vcxproj", "{A1831E2B-3C55-41BB-A606-6ACC160101D0}"
EndProject
Project("{8BC9CEB8-8B4A-11D0-8D11-00A0C91BC942}") = "3일차_08_object_copy", "3일차_08_object_copy\3일차_08_object_copy.vcxproj", "{CFA80601-4BFC-415A-BF85-579DD8AC7148}"
EndProject
Project("{8BC9CEB8-8B4A-11D0-8D11-00A0C91BC942}") = "3일차_09_nullptr", "3일차_09_nullptr\3일차_09_nullptr.vcxproj", "{77869683-3F26-4826-872E-FD1B54EEA9B7}"
EndProject
Project("{8BC9CEB8-8B4A-11D0-8D11-00A0C91BC942}") = "4일차_01_t​ransformation", "4일차_01_t​ransformation\4일차_01_t​ransformation.vcxproj", "{230AA9B9-1665-4E51-9DBA-0FEE2974F559}"
EndProject
Project("{8BC9CEB8-8B4A-11D0-8D11-00A0C91BC942}") = "4일차_02_smart_pointer", "4일차_02_smart_pointer\4일차_02_smart_pointer.vcxproj", "{5889A6B4-41A5-466A-8A7A-72F2C78C15D3}"
EndProject
Project("{8BC9CEB8-8B4A-11D0-8D11-00A0C91BC942}") = "4일차_03_const", "4일차_03_const\4일차_03_const.vcxproj", "{CB5C7644-4321-4703-BC98-97206327F8D1}"
EndProject
Project("{8BC9CEB8-8B4A-11D0-8D11-00A0C91BC942}") = "4일차_04_not_copy_smart_pointer", "4일차_04_not_copy_smart_pointer\4일차_04_not_copy_smart_pointer.vcxproj", "{308156E5-E1E5-4E5B-AE2F-2E49BFB30524}"
EndProject
Project("{8BC9CEB8-8B4A-11D0-8D11-00A0C91BC942}") = "4일차_05_checked_delete", "4일차_05_checked_delete\4일차_05_checked_delete.vcxproj", "{09E0852B-9A97-411B-87F5-739B82CE6302}"
EndProject
Project("{8BC9CEB8-8B4A-11D0-8D11-00A0C91BC942}") = "4일차_06_perfect_forwarding", "4일차_06_perfect_forwarding\4일차_06_perfect_forwarding.vcxproj", "{3E728045-9675-4354-A9D3-BF868AB582FD}"
EndProject
Project("{8BC9CEB8-8B4A-11D0-8D11-00A0C91BC942}") = "4일차_07_type_deduction", "4일차_07_type_deduction\4일차_07_type_deduction.vcxproj", "{DF1A5ADE-3367-44CC-B47C-724AAAF9150E}"
EndProject
Project("{8BC9CEB8-8B4A-11D0-8D11-00A0C91BC942}") = "5일차_01_간접층의원리", "5일차_01_간접층의원리\5일차_01_간접층의원리.vcxproj", "{4A78299D-844C-4DA2-9A72-25FE5D9500B4}"
EndProject
Project("{8BC9CEB8-8B4A-11D0-8D11-00A0C91BC942}") = "5일차_02_STL_알고리즘", "5일차_02_STL_알고리즘\5일차_02_STL_알고리즘.vcxproj", "{1601EE30-7F14-4B09-BE1A-1AEAF9E591A7}"
EndProject
Project("{8BC9CEB8-8B4A-11D0-8D11-00A0C91BC942}") = "5일차_03_STL_컨테이너", "5일차_03_STL_컨테이너\5일차_03_STL_컨테이너.vcxproj", "{A284C11C-6358-43A5-BA2A-B0875B6882B2}"
EndProject
Project("{8BC9CEB8-8B4A-11D0-8D11-00A0C91BC942}") = "5일차_04_STL_반복자", "5일차_04_STL_반복자\5일차_04_STL_반복자.vcxproj", "{59350275-37DF-4209-9174-0C684155387B}"
EndProject
Project("{8BC9CEB8-8B4A-11D0-8D11-00A0C91BC942}") = "5일차_05_iterator_category", "5일차_05_iterator_category\5일차_05_iterator_category.vcxproj", "{620EA69B-ECEE-4EC2-AFCA-8000DF364095}"
EndProject
Project("{8BC9CEB8-8B4A-11D0-8D11-00A0C91BC942}") = "5일차_06_begin_end", "5일차_06_begin_end\5일차_06_begin_end.vcxproj", "{1542E4B5-20EA-4FD7-9B2E-DA3AF40F926C}"
EndProject
Project("{8BC9CEB8-8B4A-11D0-8D11-00A0C91BC942}") = "5일차_07_range_for", "5일차_07_range_for\5일차_07_range_for.vcxproj", "{811179A3-3637-4B35-85BF-FF0E34FE6C3B}"
EndProject
Project("{8BC9CEB8-8B4A-11D0-8D11-00A0C91BC942}") = "5일차_08_CPP11", "5일차_08_CPP11\5일차_08_CPP11.vcxproj", "{8147AFD1-EEE8-4F3A-B9FD-3A9D03CBD66A}"
EndProject
Global
	GlobalSection(SolutionConfigurationPlatforms) = preSolution
		Debug|x86 = Debug|x86
		Release|x86 = Release|x86
	EndGlobalSection
	GlobalSection(ProjectConfigurationPlatforms) = postSolution
		{C8C8CF90-680B-40E3-9844-3CB301FC9080}.Debug|x86.ActiveCfg = Debug|Win32
		{C8C8CF90-680B-40E3-9844-3CB301FC9080}.Debug|x86.Build.0 = Debug|Win32
		{C8C8CF90-680B-40E3-9844-3CB301FC9080}.Release|x86.ActiveCfg = Release|Win32
		{C8C8CF90-680B-40E3-9844-3CB301FC9080}.Release|x86.Build.0 = Release|Win32
		{CA3EEC4E-5BDF-4E25-8A39-EB7B129D73AB}.Debug|x86.ActiveCfg = Debug|Win32
		{CA3EEC4E-5BDF-4E25-8A39-EB7B129D73AB}.Debug|x86.Build.0 = Debug|Win32
		{CA3EEC4E-5BDF-4E25-8A39-EB7B129D73AB}.Release|x86.ActiveCfg = Release|Win32
		{CA3EEC4E-5BDF-4E25-8A39-EB7B129D73AB}.Release|x86.Build.0 = Release|Win32
		{7E89E08E-5157-47FB-9CFC-93247108A5EF}.Debug|x86.ActiveCfg = Debug|Win32
		{7E89E08E-5157-47FB-9CFC-93247108A5EF}.Debug|x86.Build.0 = Debug|Win32
		{7E89E08E-5157-47FB-9CFC-93247108A5EF}.Release|x86.ActiveCfg = Release|Win32
		{7E89E08E-5157-47FB-9CFC-93247108A5EF}.Release|x86.Build.0 = Release|Win32
		{F6B65C5A-95B3-4324-8A97-D0E4E06D4177}.Debug|x86.ActiveCfg = Debug|Win32
		{F6B65C5A-95B3-4324-8A97-D0E4E06D4177}.Debug|x86.Build.0 = Debug|Win32
		{F6B65C5A-95B3-4324-8A97-D0E4E06D4177}.Release|x86.ActiveCfg = Release|Win32
		{F6B65C5A-95B3-4324-8A97-D0E4E06D4177}.Release|x86.Build.0 = Release|Win32
		{18B3A5C0-C7A2-423D-AB8B-7C5A65462ED9}.Debug|x86.ActiveCfg = Debug|Win32
		{18B3A5C0-C7A2-423D-AB8B-7C5A65462ED9}.Debug|x86.Build.0 = Debug|Win32
		{18B3A5C0-C7A2-423D-AB8B-7C5A65462ED9}.Release|x86.ActiveCfg = Release|Win32
		{18B3A5C0-C7A2-423D-AB8B-7C5A65462ED9}.Release|x86.Build.0 = Release|Win32
		{70085FCA-18E2-4A09-A4D6-D44B8E3F86F4}.Debug|x86.ActiveCfg = Debug|Win32
		{70085FCA-18E2-4A09-A4D6-D44B8E3F86F4}.Debug|x86.Build.0 = Debug|Win32
		{70085FCA-18E2-4A09-A4D6-D44B8E3F86F4}.Release|x86.ActiveCfg = Release|Win32
		{70085FCA-18E2-4A09-A4D6-D44B8E3F86F4}.Release|x86.Build.0 = Release|Win32
		{7A19F3FC-F82E-44C9-A391-08A0DB0835F6}.Debug|x86.ActiveCfg = Debug|Win32
		{7A19F3FC-F82E-44C9-A391-08A0DB0835F6}.Debug|x86.Build.0 = Debug|Win32
		{7A19F3FC-F82E-44C9-A391-08A0DB0835F6}.Release|x86.ActiveCfg = Release|Win32
		{7A19F3FC-F82E-44C9-A391-08A0DB0835F6}.Release|x86.Build.0 = Release|Win32
		{4330A219-7965-4DCC-B716-3C7ADEA99B24}.Debug|x86.ActiveCfg = Debug|Win32
		{4330A219-7965-4DCC-B716-3C7ADEA99B24}.Debug|x86.Build.0 = Debug|Win32
		{4330A219-7965-4DCC-B716-3C7ADEA99B24}.Release|x86.ActiveCfg = Release|Win32
		{4330A219-7965-4DCC-B716-3C7ADEA99B24}.Release|x86.Build.0 = Release|Win32
		{6F3BB924-BA39-485F-9C58-58388D3CA951}.Debug|x86.ActiveCfg = Debug|Win32
		{6F3BB924-BA39-485F-9C58-58388D3CA951}.Debug|x86.Build.0 = Debug|Win32
		{6F3BB924-BA39-485F-9C58-58388D3CA951}.Release|x86.ActiveCfg = Release|Win32
		{6F3BB924-BA39-485F-9C58-58388D3CA951}.Release|x86.Build.0 = Release|Win32
		{F6C1307D-B37D-4AB4-B99A-9A93B22CF337}.Debug|x86.ActiveCfg = Debug|Win32
		{F6C1307D-B37D-4AB4-B99A-9A93B22CF337}.Debug|x86.Build.0 = Debug|Win32
		{F6C1307D-B37D-4AB4-B99A-9A93B22CF337}.Release|x86.ActiveCfg = Release|Win32
		{F6C1307D-B37D-4AB4-B99A-9A93B22CF337}.Release|x86.Build.0 = Release|Win32
		{95F1E1E2-DE9D-4EF8-B8B9-67719F5D6C12}.Debug|x86.ActiveCfg = Debug|Win32
		{95F1E1E2-DE9D-4EF8-B8B9-67719F5D6C12}.Debug|x86.Build.0 = Debug|Win32
		{95F1E1E2-DE9D-4EF8-B8B9-67719F5D6C12}.Release|x86.ActiveCfg = Release|Win32
		{95F1E1E2-DE9D-4EF8-B8B9-67719F5D6C12}.Release|x86.Build.0 = Release|Win32
		{C54A64B6-E64A-4C2E-AD33-ACF8983583DF}.Debug|x86.ActiveCfg = Debug|Win32
		{C54A64B6-E64A-4C2E-AD33-ACF8983583DF}.Debug|x86.Build.0 = Debug|Win32
		{C54A64B6-E64A-4C2E-AD33-ACF8983583DF}.Release|x86.ActiveCfg = Release|Win32
		{C54A64B6-E64A-4C2E-AD33-ACF8983583DF}.Release|x86.Build.0 = Release|Win32
		{E417F2FE-9667-4167-9AFD-087F2CC570EF}.Debug|x86.ActiveCfg = Debug|Win32
		{E417F2FE-9667-4167-9AFD-087F2CC570EF}.Debug|x86.Build.0 = Debug|Win32
		{E417F2FE-9667-4167-9AFD-087F2CC570EF}.Release|x86.ActiveCfg = Release|Win32
		{E417F2FE-9667-4167-9AFD-087F2CC570EF}.Release|x86.Build.0 = Release|Win32
		{ED409DB8-3D2C-4A01-9C91-0037B2C09283}.Debug|x86.ActiveCfg = Debug|Win32
		{ED409DB8-3D2C-4A01-9C91-0037B2C09283}.Debug|x86.Build.0 = Debug|Win32
		{ED409DB8-3D2C-4A01-9C91-0037B2C09283}.Release|x86.ActiveCfg = Release|Win32
		{ED409DB8-3D2C-4A01-9C91-0037B2C09283}.Release|x86.Build.0 = Release|Win32
		{8AEA1C39-A36F-4899-83F2-9CCFC790CB53}.Debug|x86.ActiveCfg = Debug|Win32
		{8AEA1C39-A36F-4899-83F2-9CCFC790CB53}.Debug|x86.Build.0 = Debug|Win32
		{8AEA1C39-A36F-4899-83F2-9CCFC790CB53}.Release|x86.ActiveCfg = Release|Win32
		{8AEA1C39-A36F-4899-83F2-9CCFC790CB53}.Release|x86.Build.0 = Release|Win32
		{DA9DABBD-F7CE-4FD1-AAC4-950A0CE44BA5}.Debug|x86.ActiveCfg = Debug|Win32
		{DA9DABBD-F7CE-4FD1-AAC4-950A0CE44BA5}.Debug|x86.Build.0 = Debug|Win32
		{DA9DABBD-F7CE-4FD1-AAC4-950A0CE44BA5}.Release|x86.ActiveCfg = Release|Win32
		{DA9DABBD-F7CE-4FD1-AAC4-950A0CE44BA5}.Release|x86.Build.0 = Release|Win32
		{8C23C585-AD2C-41EA-89F9-0EC2C82A3E24}.Debug|x86.ActiveCfg = Debug|Win32
		{8C23C585-AD2C-41EA-89F9-0EC2C82A3E24}.Debug|x86.Build.0 = Debug|Win32
		{8C23C585-AD2C-41EA-89F9-0EC2C82A3E24}.Release|x86.ActiveCfg = Release|Win32
		{8C23C585-AD2C-41EA-89F9-0EC2C82A3E24}.Release|x86.Build.0 = Release|Win32
		{0C1A7EC2-ECDE-49C2-B250-FACC145E5359}.Debug|x86.ActiveCfg = Debug|Win32
		{0C1A7EC2-ECDE-49C2-B250-FACC145E5359}.Debug|x86.Build.0 = Debug|Win32
		{0C1A7EC2-ECDE-49C2-B250-FACC145E5359}.Release|x86.ActiveCfg = Release|Win32
		{0C1A7EC2-ECDE-49C2-B250-FACC145E5359}.Release|x86.Build.0 = Release|Win32
		{C3D3749D-D58C-4D69-A395-E8A39EB12A54}.Debug|x86.ActiveCfg = Debug|Win32
		{C3D3749D-D58C-4D69-A395-E8A39EB12A54}.Debug|x86.Build.0 = Debug|Win32
		{C3D3749D-D58C-4D69-A395-E8A39EB12A54}.Release|x86.ActiveCfg = Release|Win32
		{C3D3749D-D58C-4D69-A395-E8A39EB12A54}.Release|x86.Build.0 = Release|Win32
		{4BC3BD51-3FA8-41FA-B164-34FD414048E2}.Debug|x86.ActiveCfg = Debug|Win32
		{4BC3BD51-3FA8-41FA-B164-34FD414048E2}.Debug|x86.Build.0 = Debug|Win32
		{4BC3BD51-3FA8-41FA-B164-34FD414048E2}.Release|x86.ActiveCfg = Release|Win32
		{4BC3BD51-3FA8-41FA-B164-34FD414048E2}.Release|x86.Build.0 = Release|Win32
		{A0F38008-8E87-4A35-996F-71BC5D1A88BD}.Debug|x86.ActiveCfg = Debug|Win32
		{A0F38008-8E87-4A35-996F-71BC5D1A88BD}.Debug|x86.Build.0 = Debug|Win32
		{A0F38008-8E87-4A35-996F-71BC5D1A88BD}.Release|x86.ActiveCfg = Release|Win32
		{A0F38008-8E87-4A35-996F-71BC5D1A88BD}.Release|x86.Build.0 = Release|Win32
		{31871539-F82C-4A4B-901E-7CEA99DA17A9}.Debug|x86.ActiveCfg = Debug|Win32
		{31871539-F82C-4A4B-901E-7CEA99DA17A9}.Debug|x86.Build.0 = Debug|Win32
		{31871539-F82C-4A4B-901E-7CEA99DA17A9}.Release|x86.ActiveCfg = Release|Win32
		{31871539-F82C-4A4B-901E-7CEA99DA17A9}.Release|x86.Build.0 = Release|Win32
		{6AD30668-B3F3-431C-9B97-74604078A66C}.Debug|x86.ActiveCfg = Debug|Win32
		{6AD30668-B3F3-431C-9B97-74604078A66C}.Debug|x86.Build.0 = Debug|Win32
		{6AD30668-B3F3-431C-9B97-74604078A66C}.Release|x86.ActiveCfg = Release|Win32
		{6AD30668-B3F3-431C-9B97-74604078A66C}.Release|x86.Build.0 = Release|Win32
		{A1831E2B-3C55-41BB-A606-6ACC160101D0}.Debug|x86.ActiveCfg = Debug|Win32
		{A1831E2B-3C55-41BB-A606-6ACC160101D0}.Debug|x86.Build.0 = Debug|Win32
		{A1831E2B-3C55-41BB-A606-6ACC160101D0}.Release|x86.ActiveCfg = Release|Win32
		{A1831E2B-3C55-41BB-A606-6ACC160101D0}.Release|x86.Build.0 = Release|Win32
		{CFA80601-4BFC-415A-BF85-579DD8AC7148}.Debug|x86.ActiveCfg = Debug|Win32
		{CFA80601-4BFC-415A-BF85-579DD8AC7148}.Debug|x86.Build.0 = Debug|Win32
		{CFA80601-4BFC-415A-BF85-579DD8AC7148}.Release|x86.ActiveCfg = Release|Win32
		{CFA80601-4BFC-415A-BF85-579DD8AC7148}.Release|x86.Build.0 = Release|Win32
		{77869683-3F26-4826-872E-FD1B54EEA9B7}.Debug|x86.ActiveCfg = Debug|Win32
		{77869683-3F26-4826-872E-FD1B54EEA9B7}.Debug|x86.Build.0 = Debug|Win32
		{77869683-3F26-4826-872E-FD1B54EEA9B7}.Release|x86.ActiveCfg = Release|Win32
		{77869683-3F26-4826-872E-FD1B54EEA9B7}.Release|x86.Build.0 = Release|Win32
		{230AA9B9-1665-4E51-9DBA-0FEE2974F559}.Debug|x86.ActiveCfg = Debug|Win32
		{230AA9B9-1665-4E51-9DBA-0FEE2974F559}.Debug|x86.Build.0 = Debug|Win32
		{230AA9B9-1665-4E51-9DBA-0FEE2974F559}.Release|x86.ActiveCfg = Release|Win32
		{230AA9B9-1665-4E51-9DBA-0FEE2974F559}.Release|x86.Build.0 = Release|Win32
		{5889A6B4-41A5-466A-8A7A-72F2C78C15D3}.Debug|x86.ActiveCfg = Debug|Win32
		{5889A6B4-41A5-466A-8A7A-72F2C78C15D3}.Debug|x86.Build.0 = Debug|Win32
		{5889A6B4-41A5-466A-8A7A-72F2C78C15D3}.Release|x86.ActiveCfg = Release|Win32
		{5889A6B4-41A5-466A-8A7A-72F2C78C15D3}.Release|x86.Build.0 = Release|Win32
		{CB5C7644-4321-4703-BC98-97206327F8D1}.Debug|x86.ActiveCfg = Debug|Win32
		{CB5C7644-4321-4703-BC98-97206327F8D1}.Debug|x86.Build.0 = Debug|Win32
		{CB5C7644-4321-4703-BC98-97206327F8D1}.Release|x86.ActiveCfg = Release|Win32
		{CB5C7644-4321-4703-BC98-97206327F8D1}.Release|x86.Build.0 = Release|Win32
		{308156E5-E1E5-4E5B-AE2F-2E49BFB30524}.Debug|x86.ActiveCfg = Debug|Win32
		{308156E5-E1E5-4E5B-AE2F-2E49BFB30524}.Debug|x86.Build.0 = Debug|Win32
		{308156E5-E1E5-4E5B-AE2F-2E49BFB30524}.Release|x86.ActiveCfg = Release|Win32
		{308156E5-E1E5-4E5B-AE2F-2E49BFB30524}.Release|x86.Build.0 = Release|Win32
		{09E0852B-9A97-411B-87F5-739B82CE6302}.Debug|x86.ActiveCfg = Debug|Win32
		{09E0852B-9A97-411B-87F5-739B82CE6302}.Debug|x86.Build.0 = Debug|Win32
		{09E0852B-9A97-411B-87F5-739B82CE6302}.Release|x86.ActiveCfg = Release|Win32
		{09E0852B-9A97-411B-87F5-739B82CE6302}.Release|x86.Build.0 = Release|Win32
		{3E728045-9675-4354-A9D3-BF868AB582FD}.Debug|x86.ActiveCfg = Debug|Win32
		{3E728045-9675-4354-A9D3-BF868AB582FD}.Debug|x86.Build.0 = Debug|Win32
		{3E728045-9675-4354-A9D3-BF868AB582FD}.Release|x86.ActiveCfg = Release|Win32
		{3E728045-9675-4354-A9D3-BF868AB582FD}.Release|x86.Build.0 = Release|Win32
		{DF1A5ADE-3367-44CC-B47C-724AAAF9150E}.Debug|x86.ActiveCfg = Debug|Win32
		{DF1A5ADE-3367-44CC-B47C-724AAAF9150E}.Debug|x86.Build.0 = Debug|Win32
		{DF1A5ADE-3367-44CC-B47C-724AAAF9150E}.Release|x86.ActiveCfg = Release|Win32
		{DF1A5ADE-3367-44CC-B47C-724AAAF9150E}.Release|x86.Build.0 = Release|Win32
		{4A78299D-844C-4DA2-9A72-25FE5D9500B4}.Debug|x86.ActiveCfg = Debug|Win32
		{4A78299D-844C-4DA2-9A72-25FE5D9500B4}.Debug|x86.Build.0 = Debug|Win32
		{4A78299D-844C-4DA2-9A72-25FE5D9500B4}.Release|x86.ActiveCfg = Release|Win32
		{4A78299D-844C-4DA2-9A72-25FE5D9500B4}.Release|x86.Build.0 = Release|Win32
		{1601EE30-7F14-4B09-BE1A-1AEAF9E591A7}.Debug|x86.ActiveCfg = Debug|Win32
		{1601EE30-7F14-4B09-BE1A-1AEAF9E591A7}.Debug|x86.Build.0 = Debug|Win32
		{1601EE30-7F14-4B09-BE1A-1AEAF9E591A7}.Release|x86.ActiveCfg = Release|Win32
		{1601EE30-7F14-4B09-BE1A-1AEAF9E591A7}.Release|x86.Build.0 = Release|Win32
		{A284C11C-6358-43A5-BA2A-B0875B6882B2}.Debug|x86.ActiveCfg = Debug|Win32
		{A284C11C-6358-43A5-BA2A-B0875B6882B2}.Debug|x86.Build.0 = Debug|Win32
		{A284C11C-6358-43A5-BA2A-B0875B6882B2}.Release|x86.ActiveCfg = Release|Win32
		{A284C11C-6358-43A5-BA2A-B0875B6882B2}.Release|x86.Build.0 = Release|Win32
		{59350275-37DF-4209-9174-0C684155387B}.Debug|x86.ActiveCfg = Debug|Win32
		{59350275-37DF-4209-9174-0C684155387B}.Debug|x86.Build.0 = Debug|Win32
		{59350275-37DF-4209-9174-0C684155387B}.Release|x86.ActiveCfg = Release|Win32
		{59350275-37DF-4209-9174-0C684155387B}.Release|x86.Build.0 = Release|Win32
		{620EA69B-ECEE-4EC2-AFCA-8000DF364095}.Debug|x86.ActiveCfg = Debug|Win32
		{620EA69B-ECEE-4EC2-AFCA-8000DF364095}.Debug|x86.Build.0 = Debug|Win32
		{620EA69B-ECEE-4EC2-AFCA-8000DF364095}.Release|x86.ActiveCfg = Release|Win32
		{620EA69B-ECEE-4EC2-AFCA-8000DF364095}.Release|x86.Build.0 = Release|Win32
		{1542E4B5-20EA-4FD7-9B2E-DA3AF40F926C}.Debug|x86.ActiveCfg = Debug|Win32
		{1542E4B5-20EA-4FD7-9B2E-DA3AF40F926C}.Debug|x86.Build.0 = Debug|Win32
		{1542E4B5-20EA-4FD7-9B2E-DA3AF40F926C}.Release|x86.ActiveCfg = Release|Win32
		{1542E4B5-20EA-4FD7-9B2E-DA3AF40F926C}.Release|x86.Build.0 = Release|Win32
		{811179A3-3637-4B35-85BF-FF0E34FE6C3B}.Debug|x86.ActiveCfg = Debug|Win32
		{811179A3-3637-4B35-85BF-FF0E34FE6C3B}.Debug|x86.Build.0 = Debug|Win32
		{811179A3-3637-4B35-85BF-FF0E34FE6C3B}.Release|x86.ActiveCfg = Release|Win32
		{811179A3-3637-4B35-85BF-FF0E34FE6C3B}.Release|x86.Build.0 = Release|Win32
		{8147AFD1-EEE8-4F3A-B9FD-3A9D03CBD66A}.Debug|x86.ActiveCfg = Debug|Win32
		{8147AFD1-EEE8-4F3A-B9FD-3A9D03CBD66A}.Debug|x86.Build.0 = Debug|Win32
		{8147AFD1-EEE8-4F3A-B9FD-3A9D03CBD66A}.Release|x86.ActiveCfg = Release|Win32
		{8147AFD1-EEE8-4F3A-B9FD-3A9D03CBD66A}.Release|x86.Build.0 = Release|Win32
	EndGlobalSection
	GlobalSection(SolutionProperties) = preSolution
		HideSolutionNode = FALSE
	EndGlobalSection
EndGlobal
