
Microsoft Visual Studio Solution File, Format Version 12.00
# Visual Studio 14
VisualStudioVersion = 14.0.22823.1
MinimumVisualStudioVersion = 10.0.40219.1
Project("{8BC9CEB8-8B4A-11D0-8D11-00A0C91BC942}") = "1일차_01_thiscall", "1일차\1일차.vcxproj", "{C8C8CF90-680B-40E3-9844-3CB301FC9080}"
EndProject
Project("{8BC9CEB8-8B4A-11D0-8D11-00A0C91BC942}") = "1일차_02_상수함수", "1일차_상수함수\1일차_상수함수.vcxproj", "{CA3EEC4E-5BDF-4E25-8A39-EB7B129D73AB}"
EndProject
Project("{8BC9CEB8-8B4A-11D0-8D11-00A0C91BC942}") = "1일차_03_상수", "1일차_상수\1일차_상수.vcxproj", "{7E89E08E-5157-47FB-9CFC-93247108A5EF}"
EndProject
Project("{8BC9CEB8-8B4A-11D0-8D11-00A0C91BC942}") = "1일차_04_auto", "1일차_04_auto\1일차_04_auto.vcxproj", "{F6B65C5A-95B3-4324-8A97-D0E4E06D4177}"
EndProject
Project("{8BC9CEB8-8B4A-11D0-8D11-00A0C91BC942}") = "1일차_05_lamda", "1일차_05_lamda\1일차_05_lamda.vcxproj", "{18B3A5C0-C7A2-423D-AB8B-7C5A65462ED9}"
EndProject
Project("{8BC9CEB8-8B4A-11D0-8D11-00A0C91BC942}") = "1일차_06_new", "1일차_06_new\1일차_06_new.vcxproj", "{70085FCA-18E2-4A09-A4D6-D44B8E3F86F4}"
EndProject
Global
	GlobalSection(SolutionConfigurationPlatforms) = preSolution
		Debug|x86 = Debug|x86
		Release|x86 = Release|x86
	EndGlobalSection
	GlobalSection(ProjectConfigurationPlatforms) = postSolution
		{C8C8CF90-680B-40E3-9844-3CB301FC9080}.Debug|x86.ActiveCfg = Debug|Win32
		{C8C8CF90-680B-40E3-9844-3CB301FC9080}.Debug|x86.Build.0 = Debug|Win32
		{C8C8CF90-680B-40E3-9844-3CB301FC9080}.Release|x86.ActiveCfg = Release|Win32
		{C8C8CF90-680B-40E3-9844-3CB301FC9080}.Release|x86.Build.0 = Release|Win32
		{CA3EEC4E-5BDF-4E25-8A39-EB7B129D73AB}.Debug|x86.ActiveCfg = Debug|Win32
		{CA3EEC4E-5BDF-4E25-8A39-EB7B129D73AB}.Debug|x86.Build.0 = Debug|Win32
		{CA3EEC4E-5BDF-4E25-8A39-EB7B129D73AB}.Release|x86.ActiveCfg = Release|Win32
		{CA3EEC4E-5BDF-4E25-8A39-EB7B129D73AB}.Release|x86.Build.0 = Release|Win32
		{7E89E08E-5157-47FB-9CFC-93247108A5EF}.Debug|x86.ActiveCfg = Debug|Win32
		{7E89E08E-5157-47FB-9CFC-93247108A5EF}.Debug|x86.Build.0 = Debug|Win32
		{7E89E08E-5157-47FB-9CFC-93247108A5EF}.Release|x86.ActiveCfg = Release|Win32
		{7E89E08E-5157-47FB-9CFC-93247108A5EF}.Release|x86.Build.0 = Release|Win32
		{F6B65C5A-95B3-4324-8A97-D0E4E06D4177}.Debug|x86.ActiveCfg = Debug|Win32
		{F6B65C5A-95B3-4324-8A97-D0E4E06D4177}.Debug|x86.Build.0 = Debug|Win32
		{F6B65C5A-95B3-4324-8A97-D0E4E06D4177}.Release|x86.ActiveCfg = Release|Win32
		{F6B65C5A-95B3-4324-8A97-D0E4E06D4177}.Release|x86.Build.0 = Release|Win32
		{18B3A5C0-C7A2-423D-AB8B-7C5A65462ED9}.Debug|x86.ActiveCfg = Debug|Win32
		{18B3A5C0-C7A2-423D-AB8B-7C5A65462ED9}.Debug|x86.Build.0 = Debug|Win32
		{18B3A5C0-C7A2-423D-AB8B-7C5A65462ED9}.Release|x86.ActiveCfg = Release|Win32
		{18B3A5C0-C7A2-423D-AB8B-7C5A65462ED9}.Release|x86.Build.0 = Release|Win32
		{70085FCA-18E2-4A09-A4D6-D44B8E3F86F4}.Debug|x86.ActiveCfg = Debug|Win32
		{70085FCA-18E2-4A09-A4D6-D44B8E3F86F4}.Debug|x86.Build.0 = Debug|Win32
		{70085FCA-18E2-4A09-A4D6-D44B8E3F86F4}.Release|x86.ActiveCfg = Release|Win32
		{70085FCA-18E2-4A09-A4D6-D44B8E3F86F4}.Release|x86.Build.0 = Release|Win32
	EndGlobalSection
	GlobalSection(SolutionProperties) = preSolution
		HideSolutionNode = FALSE
	EndGlobalSection
EndGlobal
